// !$*UTF8*$!
{
	archiveVersion = 1;
	classes = {
	};
	objectVersion = 55;
	objects = {

/* Begin PBXBuildFile section */
		6529E38227FC8CD3005897A5 /* LoginViewController.swift in Sources */ = {isa = PBXBuildFile; fileRef = 6529E38027FC8CD3005897A5 /* LoginViewController.swift */; };
		6529E38327FC8CD3005897A5 /* LoginViewController.xib in Resources */ = {isa = PBXBuildFile; fileRef = 6529E38127FC8CD3005897A5 /* LoginViewController.xib */; };
		656AB9AF27FB46F900C14302 /* AppDelegate.swift in Sources */ = {isa = PBXBuildFile; fileRef = 656AB9AE27FB46F900C14302 /* AppDelegate.swift */; };
		656AB9B127FB46F900C14302 /* SceneDelegate.swift in Sources */ = {isa = PBXBuildFile; fileRef = 656AB9B027FB46F900C14302 /* SceneDelegate.swift */; };
		656AB9B327FB46F900C14302 /* ViewController.swift in Sources */ = {isa = PBXBuildFile; fileRef = 656AB9B227FB46F900C14302 /* ViewController.swift */; };
		656AB9B627FB46F900C14302 /* Main.storyboard in Resources */ = {isa = PBXBuildFile; fileRef = 656AB9B427FB46F900C14302 /* Main.storyboard */; };
		656AB9B827FB46FA00C14302 /* Assets.xcassets in Resources */ = {isa = PBXBuildFile; fileRef = 656AB9B727FB46FA00C14302 /* Assets.xcassets */; };
		656AB9BB27FB46FA00C14302 /* LaunchScreen.storyboard in Resources */ = {isa = PBXBuildFile; fileRef = 656AB9B927FB46FA00C14302 /* LaunchScreen.storyboard */; };
		656AB9C627FB46FA00C14302 /* NeighBeTests.swift in Sources */ = {isa = PBXBuildFile; fileRef = 656AB9C527FB46FA00C14302 /* NeighBeTests.swift */; };
		656AB9D027FB46FA00C14302 /* NeighBeUITests.swift in Sources */ = {isa = PBXBuildFile; fileRef = 656AB9CF27FB46FA00C14302 /* NeighBeUITests.swift */; };
		656AB9D227FB46FA00C14302 /* NeighBeUITestsLaunchTests.swift in Sources */ = {isa = PBXBuildFile; fileRef = 656AB9D127FB46FA00C14302 /* NeighBeUITestsLaunchTests.swift */; };
/* End PBXBuildFile section */

/* Begin PBXContainerItemProxy section */
		656AB9C227FB46FA00C14302 /* PBXContainerItemProxy */ = {
			isa = PBXContainerItemProxy;
			containerPortal = 656AB9A327FB46F900C14302 /* Project object */;
			proxyType = 1;
			remoteGlobalIDString = 656AB9AA27FB46F900C14302;
			remoteInfo = NeighBe;
		};
		656AB9CC27FB46FA00C14302 /* PBXContainerItemProxy */ = {
			isa = PBXContainerItemProxy;
			containerPortal = 656AB9A327FB46F900C14302 /* Project object */;
			proxyType = 1;
			remoteGlobalIDString = 656AB9AA27FB46F900C14302;
			remoteInfo = NeighBe;
		};
/* End PBXContainerItemProxy section */

/* Begin PBXFileReference section */
		6529E38027FC8CD3005897A5 /* LoginViewController.swift */ = {isa = PBXFileReference; lastKnownFileType = sourcecode.swift; path = LoginViewController.swift; sourceTree = "<group>"; };
		6529E38127FC8CD3005897A5 /* LoginViewController.xib */ = {isa = PBXFileReference; lastKnownFileType = file.xib; path = LoginViewController.xib; sourceTree = "<group>"; };
		656AB9AB27FB46F900C14302 /* NeighBe.app */ = {isa = PBXFileReference; explicitFileType = wrapper.application; includeInIndex = 0; path = NeighBe.app; sourceTree = BUILT_PRODUCTS_DIR; };
		656AB9AE27FB46F900C14302 /* AppDelegate.swift */ = {isa = PBXFileReference; lastKnownFileType = sourcecode.swift; path = AppDelegate.swift; sourceTree = "<group>"; };
		656AB9B027FB46F900C14302 /* SceneDelegate.swift */ = {isa = PBXFileReference; lastKnownFileType = sourcecode.swift; path = SceneDelegate.swift; sourceTree = "<group>"; };
		656AB9B227FB46F900C14302 /* ViewController.swift */ = {isa = PBXFileReference; lastKnownFileType = sourcecode.swift; path = ViewController.swift; sourceTree = "<group>"; };
		656AB9B527FB46F900C14302 /* Base */ = {isa = PBXFileReference; lastKnownFileType = file.storyboard; name = Base; path = Base.lproj/Main.storyboard; sourceTree = "<group>"; };
		656AB9B727FB46FA00C14302 /* Assets.xcassets */ = {isa = PBXFileReference; lastKnownFileType = folder.assetcatalog; path = Assets.xcassets; sourceTree = "<group>"; };
		656AB9BA27FB46FA00C14302 /* Base */ = {isa = PBXFileReference; lastKnownFileType = file.storyboard; name = Base; path = Base.lproj/LaunchScreen.storyboard; sourceTree = "<group>"; };
		656AB9BC27FB46FA00C14302 /* Info.plist */ = {isa = PBXFileReference; lastKnownFileType = text.plist.xml; path = Info.plist; sourceTree = "<group>"; };
		656AB9C127FB46FA00C14302 /* NeighBeTests.xctest */ = {isa = PBXFileReference; explicitFileType = wrapper.cfbundle; includeInIndex = 0; path = NeighBeTests.xctest; sourceTree = BUILT_PRODUCTS_DIR; };
		656AB9C527FB46FA00C14302 /* NeighBeTests.swift */ = {isa = PBXFileReference; lastKnownFileType = sourcecode.swift; path = NeighBeTests.swift; sourceTree = "<group>"; };
		656AB9CB27FB46FA00C14302 /* NeighBeUITests.xctest */ = {isa = PBXFileReference; explicitFileType = wrapper.cfbundle; includeInIndex = 0; path = NeighBeUITests.xctest; sourceTree = BUILT_PRODUCTS_DIR; };
		656AB9CF27FB46FA00C14302 /* NeighBeUITests.swift */ = {isa = PBXFileReference; lastKnownFileType = sourcecode.swift; path = NeighBeUITests.swift; sourceTree = "<group>"; };
		656AB9D127FB46FA00C14302 /* NeighBeUITestsLaunchTests.swift */ = {isa = PBXFileReference; lastKnownFileType = sourcecode.swift; path = NeighBeUITestsLaunchTests.swift; sourceTree = "<group>"; };
/* End PBXFileReference section */

/* Begin PBXFrameworksBuildPhase section */
		656AB9A827FB46F900C14302 /* Frameworks */ = {
			isa = PBXFrameworksBuildPhase;
			buildActionMask = 2147483647;
			files = (
			);
			runOnlyForDeploymentPostprocessing = 0;
		};
		656AB9BE27FB46FA00C14302 /* Frameworks */ = {
			isa = PBXFrameworksBuildPhase;
			buildActionMask = 2147483647;
			files = (
			);
			runOnlyForDeploymentPostprocessing = 0;
		};
		656AB9C827FB46FA00C14302 /* Frameworks */ = {
			isa = PBXFrameworksBuildPhase;
			buildActionMask = 2147483647;
			files = (
			);
			runOnlyForDeploymentPostprocessing = 0;
		};
/* End PBXFrameworksBuildPhase section */

/* Begin PBXGroup section */
		6529E37D27FC8C4B005897A5 /* view */ = {
			isa = PBXGroup;
			children = (
				6529E38527FC8CE7005897A5 /* login */,
			);
			path = view;
			sourceTree = "<group>";
		};
		6529E37E27FC8C59005897A5 /* controller */ = {
			isa = PBXGroup;
			children = (
				6529E38427FC8CDA005897A5 /* login */,
			);
			path = controller;
			sourceTree = "<group>";
		};
		6529E37F27FC8C6A005897A5 /* model */ = {
			isa = PBXGroup;
			children = (
			);
			path = model;
			sourceTree = "<group>";
		};
		6529E38427FC8CDA005897A5 /* login */ = {
			isa = PBXGroup;
			children = (
				6529E38027FC8CD3005897A5 /* LoginViewController.swift */,
			);
			path = login;
			sourceTree = "<group>";
		};
		6529E38527FC8CE7005897A5 /* login */ = {
			isa = PBXGroup;
			children = (
				6529E38127FC8CD3005897A5 /* LoginViewController.xib */,
			);
			path = login;
			sourceTree = "<group>";
		};
		656AB9A227FB46F900C14302 = {
			isa = PBXGroup;
			children = (
				656AB9AD27FB46F900C14302 /* NeighBe */,
				656AB9C427FB46FA00C14302 /* NeighBeTests */,
				656AB9CE27FB46FA00C14302 /* NeighBeUITests */,
				656AB9AC27FB46F900C14302 /* Products */,
			);
			sourceTree = "<group>";
		};
		656AB9AC27FB46F900C14302 /* Products */ = {
			isa = PBXGroup;
			children = (
				656AB9AB27FB46F900C14302 /* NeighBe.app */,
				656AB9C127FB46FA00C14302 /* NeighBeTests.xctest */,
				656AB9CB27FB46FA00C14302 /* NeighBeUITests.xctest */,
			);
			name = Products;
			sourceTree = "<group>";
		};
		656AB9AD27FB46F900C14302 /* NeighBe */ = {
			isa = PBXGroup;
			children = (
				6529E37F27FC8C6A005897A5 /* model */,
				6529E37E27FC8C59005897A5 /* controller */,
				6529E37D27FC8C4B005897A5 /* view */,
				656AB9AE27FB46F900C14302 /* AppDelegate.swift */,
				656AB9B027FB46F900C14302 /* SceneDelegate.swift */,
				656AB9B227FB46F900C14302 /* ViewController.swift */,
				656AB9B427FB46F900C14302 /* Main.storyboard */,
				656AB9B727FB46FA00C14302 /* Assets.xcassets */,
				656AB9B927FB46FA00C14302 /* LaunchScreen.storyboard */,
				656AB9BC27FB46FA00C14302 /* Info.plist */,
			);
			path = NeighBe;
			sourceTree = "<group>";
		};
		656AB9C427FB46FA00C14302 /* NeighBeTests */ = {
			isa = PBXGroup;
			children = (
				656AB9C527FB46FA00C14302 /* NeighBeTests.swift */,
			);
			path = NeighBeTests;
			sourceTree = "<group>";
		};
		656AB9CE27FB46FA00C14302 /* NeighBeUITests */ = {
			isa = PBXGroup;
			children = (
				656AB9CF27FB46FA00C14302 /* NeighBeUITests.swift */,
				656AB9D127FB46FA00C14302 /* NeighBeUITestsLaunchTests.swift */,
			);
			path = NeighBeUITests;
			sourceTree = "<group>";
		};
/* End PBXGroup section */

/* Begin PBXNativeTarget section */
		656AB9AA27FB46F900C14302 /* NeighBe */ = {
			isa = PBXNativeTarget;
			buildConfigurationList = 656AB9D527FB46FA00C14302 /* Build configuration list for PBXNativeTarget "NeighBe" */;
			buildPhases = (
				656AB9A727FB46F900C14302 /* Sources */,
				656AB9A827FB46F900C14302 /* Frameworks */,
				656AB9A927FB46F900C14302 /* Resources */,
			);
			buildRules = (
			);
			dependencies = (
			);
			name = NeighBe;
			productName = NeighBe;
			productReference = 656AB9AB27FB46F900C14302 /* NeighBe.app */;
			productType = "com.apple.product-type.application";
		};
		656AB9C027FB46FA00C14302 /* NeighBeTests */ = {
			isa = PBXNativeTarget;
			buildConfigurationList = 656AB9D827FB46FA00C14302 /* Build configuration list for PBXNativeTarget "NeighBeTests" */;
			buildPhases = (
				656AB9BD27FB46FA00C14302 /* Sources */,
				656AB9BE27FB46FA00C14302 /* Frameworks */,
				656AB9BF27FB46FA00C14302 /* Resources */,
			);
			buildRules = (
			);
			dependencies = (
				656AB9C327FB46FA00C14302 /* PBXTargetDependency */,
			);
			name = NeighBeTests;
			productName = NeighBeTests;
			productReference = 656AB9C127FB46FA00C14302 /* NeighBeTests.xctest */;
			productType = "com.apple.product-type.bundle.unit-test";
		};
		656AB9CA27FB46FA00C14302 /* NeighBeUITests */ = {
			isa = PBXNativeTarget;
			buildConfigurationList = 656AB9DB27FB46FA00C14302 /* Build configuration list for PBXNativeTarget "NeighBeUITests" */;
			buildPhases = (
				656AB9C727FB46FA00C14302 /* Sources */,
				656AB9C827FB46FA00C14302 /* Frameworks */,
				656AB9C927FB46FA00C14302 /* Resources */,
			);
			buildRules = (
			);
			dependencies = (
				656AB9CD27FB46FA00C14302 /* PBXTargetDependency */,
			);
			name = NeighBeUITests;
			productName = NeighBeUITests;
			productReference = 656AB9CB27FB46FA00C14302 /* NeighBeUITests.xctest */;
			productType = "com.apple.product-type.bundle.ui-testing";
		};
/* End PBXNativeTarget section */

/* Begin PBXProject section */
		656AB9A327FB46F900C14302 /* Project object */ = {
			isa = PBXProject;
			attributes = {
				BuildIndependentTargetsInParallel = 1;
				LastSwiftUpdateCheck = 1330;
				LastUpgradeCheck = 1330;
				TargetAttributes = {
					656AB9AA27FB46F900C14302 = {
						CreatedOnToolsVersion = 13.3;
					};
					656AB9C027FB46FA00C14302 = {
						CreatedOnToolsVersion = 13.3;
						TestTargetID = 656AB9AA27FB46F900C14302;
					};
					656AB9CA27FB46FA00C14302 = {
						CreatedOnToolsVersion = 13.3;
						TestTargetID = 656AB9AA27FB46F900C14302;
					};
				};
			};
			buildConfigurationList = 656AB9A627FB46F900C14302 /* Build configuration list for PBXProject "NeighBe" */;
			compatibilityVersion = "Xcode 13.0";
			developmentRegion = en;
			hasScannedForEncodings = 0;
			knownRegions = (
				en,
				Base,
			);
			mainGroup = 656AB9A227FB46F900C14302;
			productRefGroup = 656AB9AC27FB46F900C14302 /* Products */;
			projectDirPath = "";
			projectRoot = "";
			targets = (
				656AB9AA27FB46F900C14302 /* NeighBe */,
				656AB9C027FB46FA00C14302 /* NeighBeTests */,
				656AB9CA27FB46FA00C14302 /* NeighBeUITests */,
			);
		};
/* End PBXProject section */

/* Begin PBXResourcesBuildPhase section */
		656AB9A927FB46F900C14302 /* Resources */ = {
			isa = PBXResourcesBuildPhase;
			buildActionMask = 2147483647;
			files = (
				6529E38327FC8CD3005897A5 /* LoginViewController.xib in Resources */,
				656AB9BB27FB46FA00C14302 /* LaunchScreen.storyboard in Resources */,
				656AB9B827FB46FA00C14302 /* Assets.xcassets in Resources */,
				656AB9B627FB46F900C14302 /* Main.storyboard in Resources */,
			);
			runOnlyForDeploymentPostprocessing = 0;
		};
		656AB9BF27FB46FA00C14302 /* Resources */ = {
			isa = PBXResourcesBuildPhase;
			buildActionMask = 2147483647;
			files = (
			);
			runOnlyForDeploymentPostprocessing = 0;
		};
		656AB9C927FB46FA00C14302 /* Resources */ = {
			isa = PBXResourcesBuildPhase;
			buildActionMask = 2147483647;
			files = (
			);
			runOnlyForDeploymentPostprocessing = 0;
		};
/* End PBXResourcesBuildPhase section */

/* Begin PBXSourcesBuildPhase section */
		656AB9A727FB46F900C14302 /* Sources */ = {
			isa = PBXSourcesBuildPhase;
			buildActionMask = 2147483647;
			files = (
				6529E38227FC8CD3005897A5 /* LoginViewController.swift in Sources */,
				656AB9B327FB46F900C14302 /* ViewController.swift in Sources */,
				656AB9AF27FB46F900C14302 /* AppDelegate.swift in Sources */,
				656AB9B127FB46F900C14302 /* SceneDelegate.swift in Sources */,
			);
			runOnlyForDeploymentPostprocessing = 0;
		};
		656AB9BD27FB46FA00C14302 /* Sources */ = {
			isa = PBXSourcesBuildPhase;
			buildActionMask = 2147483647;
			files = (
				656AB9C627FB46FA00C14302 /* NeighBeTests.swift in Sources */,
			);
			runOnlyForDeploymentPostprocessing = 0;
		};
		656AB9C727FB46FA00C14302 /* Sources */ = {
			isa = PBXSourcesBuildPhase;
			buildActionMask = 2147483647;
			files = (
				656AB9D027FB46FA00C14302 /* NeighBeUITests.swift in Sources */,
				656AB9D227FB46FA00C14302 /* NeighBeUITestsLaunchTests.swift in Sources */,
			);
			runOnlyForDeploymentPostprocessing = 0;
		};
/* End PBXSourcesBuildPhase section */

/* Begin PBXTargetDependency section */
		656AB9C327FB46FA00C14302 /* PBXTargetDependency */ = {
			isa = PBXTargetDependency;
			target = 656AB9AA27FB46F900C14302 /* NeighBe */;
			targetProxy = 656AB9C227FB46FA00C14302 /* PBXContainerItemProxy */;
		};
		656AB9CD27FB46FA00C14302 /* PBXTargetDependency */ = {
			isa = PBXTargetDependency;
			target = 656AB9AA27FB46F900C14302 /* NeighBe */;
			targetProxy = 656AB9CC27FB46FA00C14302 /* PBXContainerItemProxy */;
		};
/* End PBXTargetDependency section */

/* Begin PBXVariantGroup section */
		656AB9B427FB46F900C14302 /* Main.storyboard */ = {
			isa = PBXVariantGroup;
			children = (
				656AB9B527FB46F900C14302 /* Base */,
			);
			name = Main.storyboard;
			sourceTree = "<group>";
		};
		656AB9B927FB46FA00C14302 /* LaunchScreen.storyboard */ = {
			isa = PBXVariantGroup;
			children = (
				656AB9BA27FB46FA00C14302 /* Base */,
			);
			name = LaunchScreen.storyboard;
			sourceTree = "<group>";
		};
/* End PBXVariantGroup section */

/* Begin XCBuildConfiguration section */
		656AB9D327FB46FA00C14302 /* Debug */ = {
			isa = XCBuildConfiguration;
			buildSettings = {
				ALWAYS_SEARCH_USER_PATHS = NO;
				CLANG_ANALYZER_NONNULL = YES;
				CLANG_ANALYZER_NUMBER_OBJECT_CONVERSION = YES_AGGRESSIVE;
				CLANG_CXX_LANGUAGE_STANDARD = "gnu++17";
				CLANG_ENABLE_MODULES = YES;
				CLANG_ENABLE_OBJC_ARC = YES;
				CLANG_ENABLE_OBJC_WEAK = YES;
				CLANG_WARN_BLOCK_CAPTURE_AUTORELEASING = YES;
				CLANG_WARN_BOOL_CONVERSION = YES;
				CLANG_WARN_COMMA = YES;
				CLANG_WARN_CONSTANT_CONVERSION = YES;
				CLANG_WARN_DEPRECATED_OBJC_IMPLEMENTATIONS = YES;
				CLANG_WARN_DIRECT_OBJC_ISA_USAGE = YES_ERROR;
				CLANG_WARN_DOCUMENTATION_COMMENTS = YES;
				CLANG_WARN_EMPTY_BODY = YES;
				CLANG_WARN_ENUM_CONVERSION = YES;
				CLANG_WARN_INFINITE_RECURSION = YES;
				CLANG_WARN_INT_CONVERSION = YES;
				CLANG_WARN_NON_LITERAL_NULL_CONVERSION = YES;
				CLANG_WARN_OBJC_IMPLICIT_RETAIN_SELF = YES;
				CLANG_WARN_OBJC_LITERAL_CONVERSION = YES;
				CLANG_WARN_OBJC_ROOT_CLASS = YES_ERROR;
				CLANG_WARN_QUOTED_INCLUDE_IN_FRAMEWORK_HEADER = YES;
				CLANG_WARN_RANGE_LOOP_ANALYSIS = YES;
				CLANG_WARN_STRICT_PROTOTYPES = YES;
				CLANG_WARN_SUSPICIOUS_MOVE = YES;
				CLANG_WARN_UNGUARDED_AVAILABILITY = YES_AGGRESSIVE;
				CLANG_WARN_UNREACHABLE_CODE = YES;
				CLANG_WARN__DUPLICATE_METHOD_MATCH = YES;
				COPY_PHASE_STRIP = NO;
				DEBUG_INFORMATION_FORMAT = dwarf;
				ENABLE_STRICT_OBJC_MSGSEND = YES;
				ENABLE_TESTABILITY = YES;
				GCC_C_LANGUAGE_STANDARD = gnu11;
				GCC_DYNAMIC_NO_PIC = NO;
				GCC_NO_COMMON_BLOCKS = YES;
				GCC_OPTIMIZATION_LEVEL = 0;
				GCC_PREPROCESSOR_DEFINITIONS = (
					"DEBUG=1",
					"$(inherited)",
				);
				GCC_WARN_64_TO_32_BIT_CONVERSION = YES;
				GCC_WARN_ABOUT_RETURN_TYPE = YES_ERROR;
				GCC_WARN_UNDECLARED_SELECTOR = YES;
				GCC_WARN_UNINITIALIZED_AUTOS = YES_AGGRESSIVE;
				GCC_WARN_UNUSED_FUNCTION = YES;
				GCC_WARN_UNUSED_VARIABLE = YES;
				IPHONEOS_DEPLOYMENT_TARGET = 15.4;
				MTL_ENABLE_DEBUG_INFO = INCLUDE_SOURCE;
				MTL_FAST_MATH = YES;
				ONLY_ACTIVE_ARCH = YES;
				SDKROOT = iphoneos;
				SWIFT_ACTIVE_COMPILATION_CONDITIONS = DEBUG;
				SWIFT_OPTIMIZATION_LEVEL = "-Onone";
			};
			name = Debug;
		};
		656AB9D427FB46FA00C14302 /* Release */ = {
			isa = XCBuildConfiguration;
			buildSettings = {
				ALWAYS_SEARCH_USER_PATHS = NO;
				CLANG_ANALYZER_NONNULL = YES;
				CLANG_ANALYZER_NUMBER_OBJECT_CONVERSION = YES_AGGRESSIVE;
				CLANG_CXX_LANGUAGE_STANDARD = "gnu++17";
				CLANG_ENABLE_MODULES = YES;
				CLANG_ENABLE_OBJC_ARC = YES;
				CLANG_ENABLE_OBJC_WEAK = YES;
				CLANG_WARN_BLOCK_CAPTURE_AUTORELEASING = YES;
				CLANG_WARN_BOOL_CONVERSION = YES;
				CLANG_WARN_COMMA = YES;
				CLANG_WARN_CONSTANT_CONVERSION = YES;
				CLANG_WARN_DEPRECATED_OBJC_IMPLEMENTATIONS = YES;
				CLANG_WARN_DIRECT_OBJC_ISA_USAGE = YES_ERROR;
				CLANG_WARN_DOCUMENTATION_COMMENTS = YES;
				CLANG_WARN_EMPTY_BODY = YES;
				CLANG_WARN_ENUM_CONVERSION = YES;
				CLANG_WARN_INFINITE_RECURSION = YES;
				CLANG_WARN_INT_CONVERSION = YES;
				CLANG_WARN_NON_LITERAL_NULL_CONVERSION = YES;
				CLANG_WARN_OBJC_IMPLICIT_RETAIN_SELF = YES;
				CLANG_WARN_OBJC_LITERAL_CONVERSION = YES;
				CLANG_WARN_OBJC_ROOT_CLASS = YES_ERROR;
				CLANG_WARN_QUOTED_INCLUDE_IN_FRAMEWORK_HEADER = YES;
				CLANG_WARN_RANGE_LOOP_ANALYSIS = YES;
				CLANG_WARN_STRICT_PROTOTYPES = YES;
				CLANG_WARN_SUSPICIOUS_MOVE = YES;
				CLANG_WARN_UNGUARDED_AVAILABILITY = YES_AGGRESSIVE;
				CLANG_WARN_UNREACHABLE_CODE = YES;
				CLANG_WARN__DUPLICATE_METHOD_MATCH = YES;
				COPY_PHASE_STRIP = NO;
				DEBUG_INFORMATION_FORMAT = "dwarf-with-dsym";
				ENABLE_NS_ASSERTIONS = NO;
				ENABLE_STRICT_OBJC_MSGSEND = YES;
				GCC_C_LANGUAGE_STANDARD = gnu11;
				GCC_NO_COMMON_BLOCKS = YES;
				GCC_WARN_64_TO_32_BIT_CONVERSION = YES;
				GCC_WARN_ABOUT_RETURN_TYPE = YES_ERROR;
				GCC_WARN_UNDECLARED_SELECTOR = YES;
				GCC_WARN_UNINITIALIZED_AUTOS = YES_AGGRESSIVE;
				GCC_WARN_UNUSED_FUNCTION = YES;
				GCC_WARN_UNUSED_VARIABLE = YES;
				IPHONEOS_DEPLOYMENT_TARGET = 15.4;
				MTL_ENABLE_DEBUG_INFO = NO;
				MTL_FAST_MATH = YES;
				SDKROOT = iphoneos;
				SWIFT_COMPILATION_MODE = wholemodule;
				SWIFT_OPTIMIZATION_LEVEL = "-O";
				VALIDATE_PRODUCT = YES;
			};
			name = Release;
		};
		656AB9D627FB46FA00C14302 /* Debug */ = {
			isa = XCBuildConfiguration;
			buildSettings = {
				ASSETCATALOG_COMPILER_APPICON_NAME = AppIcon;
				ASSETCATALOG_COMPILER_GLOBAL_ACCENT_COLOR_NAME = AccentColor;
				CODE_SIGN_STYLE = Automatic;
				CURRENT_PROJECT_VERSION = 1;
				DEVELOPMENT_TEAM = 6GK6PL55U2;
				GENERATE_INFOPLIST_FILE = YES;
				INFOPLIST_FILE = NeighBe/Info.plist;
				INFOPLIST_KEY_UIApplicationSupportsIndirectInputEvents = YES;
				INFOPLIST_KEY_UILaunchStoryboardName = LaunchScreen;
				INFOPLIST_KEY_UIMainStoryboardFile = Main;
				INFOPLIST_KEY_UISupportedInterfaceOrientations_iPad = "UIInterfaceOrientationPortrait UIInterfaceOrientationPortraitUpsideDown UIInterfaceOrientationLandscapeLeft UIInterfaceOrientationLandscapeRight";
				INFOPLIST_KEY_UISupportedInterfaceOrientations_iPhone = "UIInterfaceOrientationPortrait UIInterfaceOrientationLandscapeLeft UIInterfaceOrientationLandscapeRight";
				IPHONEOS_DEPLOYMENT_TARGET = 13.0;
				LD_RUNPATH_SEARCH_PATHS = (
					"$(inherited)",
					"@executable_path/Frameworks",
				);
				MARKETING_VERSION = 1.0;
				PRODUCT_BUNDLE_IDENTIFIER = openbible.study.NeighBe;
				PRODUCT_NAME = "$(TARGET_NAME)";
				SWIFT_EMIT_LOC_STRINGS = YES;
				SWIFT_VERSION = 5.0;
				TARGETED_DEVICE_FAMILY = 1;
			};
			name = Debug;
		};
		656AB9D727FB46FA00C14302 /* Release */ = {
			isa = XCBuildConfiguration;
			buildSettings = {
				ASSETCATALOG_COMPILER_APPICON_NAME = AppIcon;
				ASSETCATALOG_COMPILER_GLOBAL_ACCENT_COLOR_NAME = AccentColor;
				CODE_SIGN_STYLE = Automatic;
				CURRENT_PROJECT_VERSION = 1;
				DEVELOPMENT_TEAM = 6GK6PL55U2;
				GENERATE_INFOPLIST_FILE = YES;
				INFOPLIST_FILE = NeighBe/Info.plist;
				INFOPLIST_KEY_UIApplicationSupportsIndirectInputEvents = YES;
				INFOPLIST_KEY_UILaunchStoryboardName = LaunchScreen;
				INFOPLIST_KEY_UIMainStoryboardFile = Main;
				INFOPLIST_KEY_UISupportedInterfaceOrientations_iPad = "UIInterfaceOrientationPortrait UIInterfaceOrientationPortraitUpsideDown UIInterfaceOrientationLandscapeLeft UIInterfaceOrientationLandscapeRight";
				INFOPLIST_KEY_UISupportedInterfaceOrientations_iPhone = "UIInterfaceOrientationPortrait UIInterfaceOrientationLandscapeLeft UIInterfaceOrientationLandscapeRight";
				IPHONEOS_DEPLOYMENT_TARGET = 13.0;
				LD_RUNPATH_SEARCH_PATHS = (
					"$(inherited)",
					"@executable_path/Frameworks",
				);
				MARKETING_VERSION = 1.0;
				PRODUCT_BUNDLE_IDENTIFIER = openbible.study.NeighBe;
				PRODUCT_NAME = "$(TARGET_NAME)";
				SWIFT_EMIT_LOC_STRINGS = YES;
				SWIFT_VERSION = 5.0;
				TARGETED_DEVICE_FAMILY = 1;
			};
			name = Release;
		};
		656AB9D927FB46FA00C14302 /* Debug */ = {
			isa = XCBuildConfiguration;
			buildSettings = {
				ALWAYS_EMBED_SWIFT_STANDARD_LIBRARIES = YES;
				BUNDLE_LOADER = "$(TEST_HOST)";
				CODE_SIGN_STYLE = Automatic;
				CURRENT_PROJECT_VERSION = 1;
				DEVELOPMENT_TEAM = 6GK6PL55U2;
				GENERATE_INFOPLIST_FILE = YES;
				IPHONEOS_DEPLOYMENT_TARGET = 15.4;
				MARKETING_VERSION = 1.0;
				PRODUCT_BUNDLE_IDENTIFIER = openbible.study.NeighBeTests;
				PRODUCT_NAME = "$(TARGET_NAME)";
				SWIFT_EMIT_LOC_STRINGS = NO;
				SWIFT_VERSION = 5.0;
				TARGETED_DEVICE_FAMILY = "1,2";
				TEST_HOST = "$(BUILT_PRODUCTS_DIR)/NeighBe.app/NeighBe";
			};
			name = Debug;
		};
		656AB9DA27FB46FA00C14302 /* Release */ = {
			isa = XCBuildConfiguration;
			buildSettings = {
				ALWAYS_EMBED_SWIFT_STANDARD_LIBRARIES = YES;
				BUNDLE_LOADER = "$(TEST_HOST)";
				CODE_SIGN_STYLE = Automatic;
				CURRENT_PROJECT_VERSION = 1;
				DEVELOPMENT_TEAM = 6GK6PL55U2;
				GENERATE_INFOPLIST_FILE = YES;
				IPHONEOS_DEPLOYMENT_TARGET = 15.4;
				MARKETING_VERSION = 1.0;
				PRODUCT_BUNDLE_IDENTIFIER = openbible.study.NeighBeTests;
				PRODUCT_NAME = "$(TARGET_NAME)";
				SWIFT_EMIT_LOC_STRINGS = NO;
				SWIFT_VERSION = 5.0;
				TARGETED_DEVICE_FAMILY = "1,2";
				TEST_HOST = "$(BUILT_PRODUCTS_DIR)/NeighBe.app/NeighBe";
			};
			name = Release;
		};
		656AB9DC27FB46FA00C14302 /* Debug */ = {
			isa = XCBuildConfiguration;
			buildSettings = {
				ALWAYS_EMBED_SWIFT_STANDARD_LIBRARIES = YES;
				CODE_SIGN_STYLE = Automatic;
				CURRENT_PROJECT_VERSION = 1;
				DEVELOPMENT_TEAM = 6GK6PL55U2;
				GENERATE_INFOPLIST_FILE = YES;
				MARKETING_VERSION = 1.0;
				PRODUCT_BUNDLE_IDENTIFIER = openbible.study.NeighBeUITests;
				PRODUCT_NAME = "$(TARGET_NAME)";
				SWIFT_EMIT_LOC_STRINGS = NO;
				SWIFT_VERSION = 5.0;
				TARGETED_DEVICE_FAMILY = "1,2";
				TEST_TARGET_NAME = NeighBe;
			};
			name = Debug;
		};
		656AB9DD27FB46FA00C14302 /* Release */ = {
			isa = XCBuildConfiguration;
			buildSettings = {
				ALWAYS_EMBED_SWIFT_STANDARD_LIBRARIES = YES;
				CODE_SIGN_STYLE = Automatic;
				CURRENT_PROJECT_VERSION = 1;
				DEVELOPMENT_TEAM = 6GK6PL55U2;
				GENERATE_INFOPLIST_FILE = YES;
				MARKETING_VERSION = 1.0;
				PRODUCT_BUNDLE_IDENTIFIER = openbible.study.NeighBeUITests;
				PRODUCT_NAME = "$(TARGET_NAME)";
				SWIFT_EMIT_LOC_STRINGS = NO;
				SWIFT_VERSION = 5.0;
				TARGETED_DEVICE_FAMILY = "1,2";
				TEST_TARGET_NAME = NeighBe;
			};
			name = Release;
		};
/* End XCBuildConfiguration section */

/* Begin XCConfigurationList section */
		656AB9A627FB46F900C14302 /* Build configuration list for PBXProject "NeighBe" */ = {
			isa = XCConfigurationList;
			buildConfigurations = (
				656AB9D327FB46FA00C14302 /* Debug */,
				656AB9D427FB46FA00C14302 /* Release */,
			);
			defaultConfigurationIsVisible = 0;
			defaultConfigurationName = Release;
		};
		656AB9D527FB46FA00C14302 /* Build configuration list for PBXNativeTarget "NeighBe" */ = {
			isa = XCConfigurationList;
			buildConfigurations = (
				656AB9D627FB46FA00C14302 /* Debug */,
				656AB9D727FB46FA00C14302 /* Release */,
			);
			defaultConfigurationIsVisible = 0;
			defaultConfigurationName = Release;
		};
		656AB9D827FB46FA00C14302 /* Build configuration list for PBXNativeTarget "NeighBeTests" */ = {
			isa = XCConfigurationList;
			buildConfigurations = (
				656AB9D927FB46FA00C14302 /* Debug */,
				656AB9DA27FB46FA00C14302 /* Release */,
			);
			defaultConfigurationIsVisible = 0;
			defaultConfigurationName = Release;
		};
		656AB9DB27FB46FA00C14302 /* Build configuration list for PBXNativeTarget "NeighBeUITests" */ = {
			isa = XCConfigurationList;
			buildConfigurations = (
				656AB9DC27FB46FA00C14302 /* Debug */,
				656AB9DD27FB46FA00C14302 /* Release */,
			);
			defaultConfigurationIsVisible = 0;
			defaultConfigurationName = Release;
		};
/* End XCConfigurationList section */
	};
	rootObject = 656AB9A327FB46F900C14302 /* Project object */;
}
