// !$*UTF8*$!
{
	archiveVersion = 1;
	classes = {
	};
	objectVersion = 55;
	objects = {

/* Begin PBXBuildFile section */
		6529E3DD27FC9D1B005897A5 /* AppDelegate.swift in Sources */ = {isa = PBXBuildFile; fileRef = 6529E3DC27FC9D1B005897A5 /* AppDelegate.swift */; };
		6529E3DF27FC9D1B005897A5 /* SceneDelegate.swift in Sources */ = {isa = PBXBuildFile; fileRef = 6529E3DE27FC9D1B005897A5 /* SceneDelegate.swift */; };
		6529E3E627FC9D1C005897A5 /* Assets.xcassets in Resources */ = {isa = PBXBuildFile; fileRef = 6529E3E527FC9D1C005897A5 /* Assets.xcassets */; };
		6529E3E927FC9D1C005897A5 /* LaunchScreen.storyboard in Resources */ = {isa = PBXBuildFile; fileRef = 6529E3E727FC9D1C005897A5 /* LaunchScreen.storyboard */; };
		6529E3F427FC9D1C005897A5 /* NeighBeTests.swift in Sources */ = {isa = PBXBuildFile; fileRef = 6529E3F327FC9D1C005897A5 /* NeighBeTests.swift */; };
		6529E3FE27FC9D1C005897A5 /* NeighBeUITests.swift in Sources */ = {isa = PBXBuildFile; fileRef = 6529E3FD27FC9D1C005897A5 /* NeighBeUITests.swift */; };
		6529E40027FC9D1C005897A5 /* NeighBeUITestsLaunchTests.swift in Sources */ = {isa = PBXBuildFile; fileRef = 6529E3FF27FC9D1C005897A5 /* NeighBeUITestsLaunchTests.swift */; };
		6529E41027FCA019005897A5 /* LoginViewController.swift in Sources */ = {isa = PBXBuildFile; fileRef = 6529E40F27FCA019005897A5 /* LoginViewController.swift */; };
		6529E41227FCA03A005897A5 /* LoginViewController.storyboard in Resources */ = {isa = PBXBuildFile; fileRef = 6529E41127FCA03A005897A5 /* LoginViewController.storyboard */; };
		6529E41B27FDC280005897A5 /* CommonColor.swift in Sources */ = {isa = PBXBuildFile; fileRef = 6529E41A27FDC280005897A5 /* CommonColor.swift */; };
		6529E42127FDD8C9005897A5 /* JoinUserViewController.swift in Sources */ = {isa = PBXBuildFile; fileRef = 6529E41F27FDD8C9005897A5 /* JoinUserViewController.swift */; };
		6529E42227FDD8C9005897A5 /* JoinUserViewController.xib in Resources */ = {isa = PBXBuildFile; fileRef = 6529E42027FDD8C9005897A5 /* JoinUserViewController.xib */; };
		6529E42528032909005897A5 /* FirebaseAnalytics in Frameworks */ = {isa = PBXBuildFile; productRef = 6529E42428032909005897A5 /* FirebaseAnalytics */; };
		6529E42828032EE0005897A5 /* FirebaseDatabase in Frameworks */ = {isa = PBXBuildFile; productRef = 6529E42728032EE0005897A5 /* FirebaseDatabase */; };
		6529E42A28033D05005897A5 /* GoogleService-Info.plist in Resources */ = {isa = PBXBuildFile; fileRef = 6529E42928033D05005897A5 /* GoogleService-Info.plist */; };
		6554796128216D490015036F /* JoinUserModel.swift in Sources */ = {isa = PBXBuildFile; fileRef = 6554796028216D490015036F /* JoinUserModel.swift */; };
		655FDFA82820282600D437B7 /* ValidateUtil.swift in Sources */ = {isa = PBXBuildFile; fileRef = 655FDFA72820282600D437B7 /* ValidateUtil.swift */; };
		65CFD14C2818408400A51B89 /* FirebaseAuth in Frameworks */ = {isa = PBXBuildFile; productRef = 65CFD14B2818408400A51B89 /* FirebaseAuth */; };
/* End PBXBuildFile section */

/* Begin PBXContainerItemProxy section */
		6529E3F027FC9D1C005897A5 /* PBXContainerItemProxy */ = {
			isa = PBXContainerItemProxy;
			containerPortal = 6529E3D127FC9D1B005897A5 /* Project object */;
			proxyType = 1;
			remoteGlobalIDString = 6529E3D827FC9D1B005897A5;
			remoteInfo = NeighBe;
		};
		6529E3FA27FC9D1C005897A5 /* PBXContainerItemProxy */ = {
			isa = PBXContainerItemProxy;
			containerPortal = 6529E3D127FC9D1B005897A5 /* Project object */;
			proxyType = 1;
			remoteGlobalIDString = 6529E3D827FC9D1B005897A5;
			remoteInfo = NeighBe;
		};
/* End PBXContainerItemProxy section */

/* Begin PBXFileReference section */
		6529E3D927FC9D1B005897A5 /* NeighBe.app */ = {isa = PBXFileReference; explicitFileType = wrapper.application; includeInIndex = 0; path = NeighBe.app; sourceTree = BUILT_PRODUCTS_DIR; };
		6529E3DC27FC9D1B005897A5 /* AppDelegate.swift */ = {isa = PBXFileReference; lastKnownFileType = sourcecode.swift; path = AppDelegate.swift; sourceTree = "<group>"; };
		6529E3DE27FC9D1B005897A5 /* SceneDelegate.swift */ = {isa = PBXFileReference; lastKnownFileType = sourcecode.swift; path = SceneDelegate.swift; sourceTree = "<group>"; };
		6529E3E527FC9D1C005897A5 /* Assets.xcassets */ = {isa = PBXFileReference; lastKnownFileType = folder.assetcatalog; path = Assets.xcassets; sourceTree = "<group>"; };
		6529E3E827FC9D1C005897A5 /* Base */ = {isa = PBXFileReference; lastKnownFileType = file.storyboard; name = Base; path = Base.lproj/LaunchScreen.storyboard; sourceTree = "<group>"; };
		6529E3EA27FC9D1C005897A5 /* Info.plist */ = {isa = PBXFileReference; lastKnownFileType = text.plist.xml; path = Info.plist; sourceTree = "<group>"; };
		6529E3EF27FC9D1C005897A5 /* NeighBeTests.xctest */ = {isa = PBXFileReference; explicitFileType = wrapper.cfbundle; includeInIndex = 0; path = NeighBeTests.xctest; sourceTree = BUILT_PRODUCTS_DIR; };
		6529E3F327FC9D1C005897A5 /* NeighBeTests.swift */ = {isa = PBXFileReference; lastKnownFileType = sourcecode.swift; path = NeighBeTests.swift; sourceTree = "<group>"; };
		6529E3F927FC9D1C005897A5 /* NeighBeUITests.xctest */ = {isa = PBXFileReference; explicitFileType = wrapper.cfbundle; includeInIndex = 0; path = NeighBeUITests.xctest; sourceTree = BUILT_PRODUCTS_DIR; };
		6529E3FD27FC9D1C005897A5 /* NeighBeUITests.swift */ = {isa = PBXFileReference; lastKnownFileType = sourcecode.swift; path = NeighBeUITests.swift; sourceTree = "<group>"; };
		6529E3FF27FC9D1C005897A5 /* NeighBeUITestsLaunchTests.swift */ = {isa = PBXFileReference; lastKnownFileType = sourcecode.swift; path = NeighBeUITestsLaunchTests.swift; sourceTree = "<group>"; };
		6529E40F27FCA019005897A5 /* LoginViewController.swift */ = {isa = PBXFileReference; lastKnownFileType = sourcecode.swift; path = LoginViewController.swift; sourceTree = "<group>"; };
		6529E41127FCA03A005897A5 /* LoginViewController.storyboard */ = {isa = PBXFileReference; lastKnownFileType = file.storyboard; path = LoginViewController.storyboard; sourceTree = "<group>"; };
		6529E41A27FDC280005897A5 /* CommonColor.swift */ = {isa = PBXFileReference; lastKnownFileType = sourcecode.swift; path = CommonColor.swift; sourceTree = "<group>"; };
		6529E41F27FDD8C9005897A5 /* JoinUserViewController.swift */ = {isa = PBXFileReference; lastKnownFileType = sourcecode.swift; path = JoinUserViewController.swift; sourceTree = "<group>"; };
		6529E42027FDD8C9005897A5 /* JoinUserViewController.xib */ = {isa = PBXFileReference; lastKnownFileType = file.xib; path = JoinUserViewController.xib; sourceTree = "<group>"; };
		6529E42928033D05005897A5 /* GoogleService-Info.plist */ = {isa = PBXFileReference; fileEncoding = 4; lastKnownFileType = text.plist.xml; path = "GoogleService-Info.plist"; sourceTree = "<group>"; };
		6554796028216D490015036F /* JoinUserModel.swift */ = {isa = PBXFileReference; lastKnownFileType = sourcecode.swift; path = JoinUserModel.swift; sourceTree = "<group>"; };
		655FDFA72820282600D437B7 /* ValidateUtil.swift */ = {isa = PBXFileReference; lastKnownFileType = sourcecode.swift; path = ValidateUtil.swift; sourceTree = "<group>"; };
/* End PBXFileReference section */

/* Begin PBXFrameworksBuildPhase section */
		6529E3D627FC9D1B005897A5 /* Frameworks */ = {
			isa = PBXFrameworksBuildPhase;
			buildActionMask = 2147483647;
			files = (
				6529E42828032EE0005897A5 /* FirebaseDatabase in Frameworks */,
				65CFD14C2818408400A51B89 /* FirebaseAuth in Frameworks */,
				6529E42528032909005897A5 /* FirebaseAnalytics in Frameworks */,
			);
			runOnlyForDeploymentPostprocessing = 0;
		};
		6529E3EC27FC9D1C005897A5 /* Frameworks */ = {
			isa = PBXFrameworksBuildPhase;
			buildActionMask = 2147483647;
			files = (
			);
			runOnlyForDeploymentPostprocessing = 0;
		};
		6529E3F627FC9D1C005897A5 /* Frameworks */ = {
			isa = PBXFrameworksBuildPhase;
			buildActionMask = 2147483647;
			files = (
			);
			runOnlyForDeploymentPostprocessing = 0;
		};
/* End PBXFrameworksBuildPhase section */

/* Begin PBXGroup section */
		6529E3D027FC9D1B005897A5 = {
			isa = PBXGroup;
			children = (
				6529E3DB27FC9D1B005897A5 /* NeighBe */,
				6529E3F227FC9D1C005897A5 /* NeighBeTests */,
				6529E3FC27FC9D1C005897A5 /* NeighBeUITests */,
				6529E3DA27FC9D1B005897A5 /* Products */,
			);
			sourceTree = "<group>";
		};
		6529E3DA27FC9D1B005897A5 /* Products */ = {
			isa = PBXGroup;
			children = (
				6529E3D927FC9D1B005897A5 /* NeighBe.app */,
				6529E3EF27FC9D1C005897A5 /* NeighBeTests.xctest */,
				6529E3F927FC9D1C005897A5 /* NeighBeUITests.xctest */,
			);
			name = Products;
			sourceTree = "<group>";
		};
		6529E3DB27FC9D1B005897A5 /* NeighBe */ = {
			isa = PBXGroup;
			children = (
				655FDFA52820276000D437B7 /* common */,
				6529E42928033D05005897A5 /* GoogleService-Info.plist */,
				6529E41727FDC204005897A5 /* extenstion */,
				6529E40E27FC9FFD005897A5 /* model */,
				6529E40D27FC9FF6005897A5 /* controller */,
				6529E40C27FC9FEB005897A5 /* view */,
				6529E3DC27FC9D1B005897A5 /* AppDelegate.swift */,
				6529E3DE27FC9D1B005897A5 /* SceneDelegate.swift */,
				6529E3E527FC9D1C005897A5 /* Assets.xcassets */,
				6529E3E727FC9D1C005897A5 /* LaunchScreen.storyboard */,
				6529E3EA27FC9D1C005897A5 /* Info.plist */,
			);
			path = NeighBe;
			sourceTree = "<group>";
		};
		6529E3F227FC9D1C005897A5 /* NeighBeTests */ = {
			isa = PBXGroup;
			children = (
				6529E3F327FC9D1C005897A5 /* NeighBeTests.swift */,
			);
			path = NeighBeTests;
			sourceTree = "<group>";
		};
		6529E3FC27FC9D1C005897A5 /* NeighBeUITests */ = {
			isa = PBXGroup;
			children = (
				6529E3FD27FC9D1C005897A5 /* NeighBeUITests.swift */,
				6529E3FF27FC9D1C005897A5 /* NeighBeUITestsLaunchTests.swift */,
			);
			path = NeighBeUITests;
			sourceTree = "<group>";
		};
		6529E40C27FC9FEB005897A5 /* view */ = {
			isa = PBXGroup;
			children = (
				6529E41E27FDD89E005897A5 /* joinUser */,
				6529E41527FDBE88005897A5 /* login */,
			);
			path = view;
			sourceTree = "<group>";
		};
		6529E40D27FC9FF6005897A5 /* controller */ = {
			isa = PBXGroup;
			children = (
				6529E41C27FDD831005897A5 /* joinUser */,
				6529E41327FDBE73005897A5 /* login */,
			);
			path = controller;
			sourceTree = "<group>";
		};
		6529E40E27FC9FFD005897A5 /* model */ = {
			isa = PBXGroup;
			children = (
				6529E41D27FDD894005897A5 /* joinUser */,
				6529E41627FDBE93005897A5 /* login */,
			);
			path = model;
			sourceTree = "<group>";
		};
		6529E41327FDBE73005897A5 /* login */ = {
			isa = PBXGroup;
			children = (
				6529E40F27FCA019005897A5 /* LoginViewController.swift */,
			);
			path = login;
			sourceTree = "<group>";
		};
		6529E41527FDBE88005897A5 /* login */ = {
			isa = PBXGroup;
			children = (
				6529E41127FCA03A005897A5 /* LoginViewController.storyboard */,
			);
			path = login;
			sourceTree = "<group>";
		};
		6529E41627FDBE93005897A5 /* login */ = {
			isa = PBXGroup;
			children = (
			);
			path = login;
			sourceTree = "<group>";
		};
		6529E41727FDC204005897A5 /* extenstion */ = {
			isa = PBXGroup;
			children = (
				6529E41927FDC23D005897A5 /* common */,
				6529E41827FDC22E005897A5 /* image */,
			);
			path = extenstion;
			sourceTree = "<group>";
		};
		6529E41827FDC22E005897A5 /* image */ = {
			isa = PBXGroup;
			children = (
			);
			path = image;
			sourceTree = "<group>";
		};
		6529E41927FDC23D005897A5 /* common */ = {
			isa = PBXGroup;
			children = (
				6529E41A27FDC280005897A5 /* CommonColor.swift */,
			);
			path = common;
			sourceTree = "<group>";
		};
		6529E41C27FDD831005897A5 /* joinUser */ = {
			isa = PBXGroup;
			children = (
				6529E41F27FDD8C9005897A5 /* JoinUserViewController.swift */,
			);
			path = joinUser;
			sourceTree = "<group>";
		};
		6529E41D27FDD894005897A5 /* joinUser */ = {
			isa = PBXGroup;
			children = (
				6554796028216D490015036F /* JoinUserModel.swift */,
			);
			path = joinUser;
			sourceTree = "<group>";
		};
		6529E41E27FDD89E005897A5 /* joinUser */ = {
			isa = PBXGroup;
			children = (
				6529E42027FDD8C9005897A5 /* JoinUserViewController.xib */,
			);
			path = joinUser;
			sourceTree = "<group>";
		};
		655FDFA52820276000D437B7 /* common */ = {
			isa = PBXGroup;
			children = (
				655FDFA72820282600D437B7 /* ValidateUtil.swift */,
			);
			path = common;
			sourceTree = "<group>";
		};
/* End PBXGroup section */

/* Begin PBXNativeTarget section */
		6529E3D827FC9D1B005897A5 /* NeighBe */ = {
			isa = PBXNativeTarget;
			buildConfigurationList = 6529E40327FC9D1C005897A5 /* Build configuration list for PBXNativeTarget "NeighBe" */;
			buildPhases = (
				6529E3D527FC9D1B005897A5 /* Sources */,
				6529E3D627FC9D1B005897A5 /* Frameworks */,
				6529E3D727FC9D1B005897A5 /* Resources */,
			);
			buildRules = (
			);
			dependencies = (
			);
			name = NeighBe;
			packageProductDependencies = (
				6529E42428032909005897A5 /* FirebaseAnalytics */,
				6529E42728032EE0005897A5 /* FirebaseDatabase */,
				65CFD14B2818408400A51B89 /* FirebaseAuth */,
			);
			productName = NeighBe;
			productReference = 6529E3D927FC9D1B005897A5 /* NeighBe.app */;
			productType = "com.apple.product-type.application";
		};
		6529E3EE27FC9D1C005897A5 /* NeighBeTests */ = {
			isa = PBXNativeTarget;
			buildConfigurationList = 6529E40627FC9D1C005897A5 /* Build configuration list for PBXNativeTarget "NeighBeTests" */;
			buildPhases = (
				6529E3EB27FC9D1C005897A5 /* Sources */,
				6529E3EC27FC9D1C005897A5 /* Frameworks */,
				6529E3ED27FC9D1C005897A5 /* Resources */,
			);
			buildRules = (
			);
			dependencies = (
				6529E3F127FC9D1C005897A5 /* PBXTargetDependency */,
			);
			name = NeighBeTests;
			productName = NeighBeTests;
			productReference = 6529E3EF27FC9D1C005897A5 /* NeighBeTests.xctest */;
			productType = "com.apple.product-type.bundle.unit-test";
		};
		6529E3F827FC9D1C005897A5 /* NeighBeUITests */ = {
			isa = PBXNativeTarget;
			buildConfigurationList = 6529E40927FC9D1C005897A5 /* Build configuration list for PBXNativeTarget "NeighBeUITests" */;
			buildPhases = (
				6529E3F527FC9D1C005897A5 /* Sources */,
				6529E3F627FC9D1C005897A5 /* Frameworks */,
				6529E3F727FC9D1C005897A5 /* Resources */,
			);
			buildRules = (
			);
			dependencies = (
				6529E3FB27FC9D1C005897A5 /* PBXTargetDependency */,
			);
			name = NeighBeUITests;
			productName = NeighBeUITests;
			productReference = 6529E3F927FC9D1C005897A5 /* NeighBeUITests.xctest */;
			productType = "com.apple.product-type.bundle.ui-testing";
		};
/* End PBXNativeTarget section */

/* Begin PBXProject section */
		6529E3D127FC9D1B005897A5 /* Project object */ = {
			isa = PBXProject;
			attributes = {
				BuildIndependentTargetsInParallel = 1;
				LastSwiftUpdateCheck = 1330;
				LastUpgradeCheck = 1330;
				TargetAttributes = {
					6529E3D827FC9D1B005897A5 = {
						CreatedOnToolsVersion = 13.3;
					};
					6529E3EE27FC9D1C005897A5 = {
						CreatedOnToolsVersion = 13.3;
						TestTargetID = 6529E3D827FC9D1B005897A5;
					};
					6529E3F827FC9D1C005897A5 = {
						CreatedOnToolsVersion = 13.3;
						TestTargetID = 6529E3D827FC9D1B005897A5;
					};
				};
			};
			buildConfigurationList = 6529E3D427FC9D1B005897A5 /* Build configuration list for PBXProject "NeighBe" */;
			compatibilityVersion = "Xcode 13.0";
			developmentRegion = en;
			hasScannedForEncodings = 0;
			knownRegions = (
				en,
				Base,
			);
			mainGroup = 6529E3D027FC9D1B005897A5;
			packageReferences = (
				6529E42328032909005897A5 /* XCRemoteSwiftPackageReference "firebase-ios-sdk" */,
				6529E42628032EE0005897A5 /* XCRemoteSwiftPackageReference "firebase-ios-sdk" */,
				65CFD14A2818408400A51B89 /* XCRemoteSwiftPackageReference "firebase-ios-sdk" */,
			);
			productRefGroup = 6529E3DA27FC9D1B005897A5 /* Products */;
			projectDirPath = "";
			projectRoot = "";
			targets = (
				6529E3D827FC9D1B005897A5 /* NeighBe */,
				6529E3EE27FC9D1C005897A5 /* NeighBeTests */,
				6529E3F827FC9D1C005897A5 /* NeighBeUITests */,
			);
		};
/* End PBXProject section */

/* Begin PBXResourcesBuildPhase section */
		6529E3D727FC9D1B005897A5 /* Resources */ = {
			isa = PBXResourcesBuildPhase;
			buildActionMask = 2147483647;
			files = (
				6529E3E927FC9D1C005897A5 /* LaunchScreen.storyboard in Resources */,
				6529E42227FDD8C9005897A5 /* JoinUserViewController.xib in Resources */,
				6529E42A28033D05005897A5 /* GoogleService-Info.plist in Resources */,
				6529E41227FCA03A005897A5 /* LoginViewController.storyboard in Resources */,
				6529E3E627FC9D1C005897A5 /* Assets.xcassets in Resources */,
			);
			runOnlyForDeploymentPostprocessing = 0;
		};
		6529E3ED27FC9D1C005897A5 /* Resources */ = {
			isa = PBXResourcesBuildPhase;
			buildActionMask = 2147483647;
			files = (
			);
			runOnlyForDeploymentPostprocessing = 0;
		};
		6529E3F727FC9D1C005897A5 /* Resources */ = {
			isa = PBXResourcesBuildPhase;
			buildActionMask = 2147483647;
			files = (
			);
			runOnlyForDeploymentPostprocessing = 0;
		};
/* End PBXResourcesBuildPhase section */

/* Begin PBXSourcesBuildPhase section */
		6529E3D527FC9D1B005897A5 /* Sources */ = {
			isa = PBXSourcesBuildPhase;
			buildActionMask = 2147483647;
			files = (
				6529E41B27FDC280005897A5 /* CommonColor.swift in Sources */,
				6529E41027FCA019005897A5 /* LoginViewController.swift in Sources */,
				6529E3DD27FC9D1B005897A5 /* AppDelegate.swift in Sources */,
				655FDFA82820282600D437B7 /* ValidateUtil.swift in Sources */,
				6529E3DF27FC9D1B005897A5 /* SceneDelegate.swift in Sources */,
				6554796128216D490015036F /* JoinUserModel.swift in Sources */,
				6529E42127FDD8C9005897A5 /* JoinUserViewController.swift in Sources */,
			);
			runOnlyForDeploymentPostprocessing = 0;
		};
		6529E3EB27FC9D1C005897A5 /* Sources */ = {
			isa = PBXSourcesBuildPhase;
			buildActionMask = 2147483647;
			files = (
				6529E3F427FC9D1C005897A5 /* NeighBeTests.swift in Sources */,
			);
			runOnlyForDeploymentPostprocessing = 0;
		};
		6529E3F527FC9D1C005897A5 /* Sources */ = {
			isa = PBXSourcesBuildPhase;
			buildActionMask = 2147483647;
			files = (
				6529E3FE27FC9D1C005897A5 /* NeighBeUITests.swift in Sources */,
				6529E40027FC9D1C005897A5 /* NeighBeUITestsLaunchTests.swift in Sources */,
			);
			runOnlyForDeploymentPostprocessing = 0;
		};
/* End PBXSourcesBuildPhase section */

/* Begin PBXTargetDependency section */
		6529E3F127FC9D1C005897A5 /* PBXTargetDependency */ = {
			isa = PBXTargetDependency;
			target = 6529E3D827FC9D1B005897A5 /* NeighBe */;
			targetProxy = 6529E3F027FC9D1C005897A5 /* PBXContainerItemProxy */;
		};
		6529E3FB27FC9D1C005897A5 /* PBXTargetDependency */ = {
			isa = PBXTargetDependency;
			target = 6529E3D827FC9D1B005897A5 /* NeighBe */;
			targetProxy = 6529E3FA27FC9D1C005897A5 /* PBXContainerItemProxy */;
		};
/* End PBXTargetDependency section */

/* Begin PBXVariantGroup section */
		6529E3E727FC9D1C005897A5 /* LaunchScreen.storyboard */ = {
			isa = PBXVariantGroup;
			children = (
				6529E3E827FC9D1C005897A5 /* Base */,
			);
			name = LaunchScreen.storyboard;
			sourceTree = "<group>";
		};
/* End PBXVariantGroup section */

/* Begin XCBuildConfiguration section */
		6529E40127FC9D1C005897A5 /* Debug */ = {
			isa = XCBuildConfiguration;
			buildSettings = {
				ALWAYS_SEARCH_USER_PATHS = NO;
				CLANG_ANALYZER_NONNULL = YES;
				CLANG_ANALYZER_NUMBER_OBJECT_CONVERSION = YES_AGGRESSIVE;
				CLANG_CXX_LANGUAGE_STANDARD = "gnu++17";
				CLANG_ENABLE_MODULES = YES;
				CLANG_ENABLE_OBJC_ARC = YES;
				CLANG_ENABLE_OBJC_WEAK = YES;
				CLANG_WARN_BLOCK_CAPTURE_AUTORELEASING = YES;
				CLANG_WARN_BOOL_CONVERSION = YES;
				CLANG_WARN_COMMA = YES;
				CLANG_WARN_CONSTANT_CONVERSION = YES;
				CLANG_WARN_DEPRECATED_OBJC_IMPLEMENTATIONS = YES;
				CLANG_WARN_DIRECT_OBJC_ISA_USAGE = YES_ERROR;
				CLANG_WARN_DOCUMENTATION_COMMENTS = YES;
				CLANG_WARN_EMPTY_BODY = YES;
				CLANG_WARN_ENUM_CONVERSION = YES;
				CLANG_WARN_INFINITE_RECURSION = YES;
				CLANG_WARN_INT_CONVERSION = YES;
				CLANG_WARN_NON_LITERAL_NULL_CONVERSION = YES;
				CLANG_WARN_OBJC_IMPLICIT_RETAIN_SELF = YES;
				CLANG_WARN_OBJC_LITERAL_CONVERSION = YES;
				CLANG_WARN_OBJC_ROOT_CLASS = YES_ERROR;
				CLANG_WARN_QUOTED_INCLUDE_IN_FRAMEWORK_HEADER = YES;
				CLANG_WARN_RANGE_LOOP_ANALYSIS = YES;
				CLANG_WARN_STRICT_PROTOTYPES = YES;
				CLANG_WARN_SUSPICIOUS_MOVE = YES;
				CLANG_WARN_UNGUARDED_AVAILABILITY = YES_AGGRESSIVE;
				CLANG_WARN_UNREACHABLE_CODE = YES;
				CLANG_WARN__DUPLICATE_METHOD_MATCH = YES;
				COPY_PHASE_STRIP = NO;
				DEBUG_INFORMATION_FORMAT = dwarf;
				ENABLE_STRICT_OBJC_MSGSEND = YES;
				ENABLE_TESTABILITY = YES;
				GCC_C_LANGUAGE_STANDARD = gnu11;
				GCC_DYNAMIC_NO_PIC = NO;
				GCC_NO_COMMON_BLOCKS = YES;
				GCC_OPTIMIZATION_LEVEL = 0;
				GCC_PREPROCESSOR_DEFINITIONS = (
					"DEBUG=1",
					"$(inherited)",
				);
				GCC_WARN_64_TO_32_BIT_CONVERSION = YES;
				GCC_WARN_ABOUT_RETURN_TYPE = YES_ERROR;
				GCC_WARN_UNDECLARED_SELECTOR = YES;
				GCC_WARN_UNINITIALIZED_AUTOS = YES_AGGRESSIVE;
				GCC_WARN_UNUSED_FUNCTION = YES;
				GCC_WARN_UNUSED_VARIABLE = YES;
				IPHONEOS_DEPLOYMENT_TARGET = 15.4;
				MTL_ENABLE_DEBUG_INFO = INCLUDE_SOURCE;
				MTL_FAST_MATH = YES;
				ONLY_ACTIVE_ARCH = YES;
				SDKROOT = iphoneos;
				SWIFT_ACTIVE_COMPILATION_CONDITIONS = DEBUG;
				SWIFT_OPTIMIZATION_LEVEL = "-Onone";
			};
			name = Debug;
		};
		6529E40227FC9D1C005897A5 /* Release */ = {
			isa = XCBuildConfiguration;
			buildSettings = {
				ALWAYS_SEARCH_USER_PATHS = NO;
				CLANG_ANALYZER_NONNULL = YES;
				CLANG_ANALYZER_NUMBER_OBJECT_CONVERSION = YES_AGGRESSIVE;
				CLANG_CXX_LANGUAGE_STANDARD = "gnu++17";
				CLANG_ENABLE_MODULES = YES;
				CLANG_ENABLE_OBJC_ARC = YES;
				CLANG_ENABLE_OBJC_WEAK = YES;
				CLANG_WARN_BLOCK_CAPTURE_AUTORELEASING = YES;
				CLANG_WARN_BOOL_CONVERSION = YES;
				CLANG_WARN_COMMA = YES;
				CLANG_WARN_CONSTANT_CONVERSION = YES;
				CLANG_WARN_DEPRECATED_OBJC_IMPLEMENTATIONS = YES;
				CLANG_WARN_DIRECT_OBJC_ISA_USAGE = YES_ERROR;
				CLANG_WARN_DOCUMENTATION_COMMENTS = YES;
				CLANG_WARN_EMPTY_BODY = YES;
				CLANG_WARN_ENUM_CONVERSION = YES;
				CLANG_WARN_INFINITE_RECURSION = YES;
				CLANG_WARN_INT_CONVERSION = YES;
				CLANG_WARN_NON_LITERAL_NULL_CONVERSION = YES;
				CLANG_WARN_OBJC_IMPLICIT_RETAIN_SELF = YES;
				CLANG_WARN_OBJC_LITERAL_CONVERSION = YES;
				CLANG_WARN_OBJC_ROOT_CLASS = YES_ERROR;
				CLANG_WARN_QUOTED_INCLUDE_IN_FRAMEWORK_HEADER = YES;
				CLANG_WARN_RANGE_LOOP_ANALYSIS = YES;
				CLANG_WARN_STRICT_PROTOTYPES = YES;
				CLANG_WARN_SUSPICIOUS_MOVE = YES;
				CLANG_WARN_UNGUARDED_AVAILABILITY = YES_AGGRESSIVE;
				CLANG_WARN_UNREACHABLE_CODE = YES;
				CLANG_WARN__DUPLICATE_METHOD_MATCH = YES;
				COPY_PHASE_STRIP = NO;
				DEBUG_INFORMATION_FORMAT = "dwarf-with-dsym";
				ENABLE_NS_ASSERTIONS = NO;
				ENABLE_STRICT_OBJC_MSGSEND = YES;
				GCC_C_LANGUAGE_STANDARD = gnu11;
				GCC_NO_COMMON_BLOCKS = YES;
				GCC_WARN_64_TO_32_BIT_CONVERSION = YES;
				GCC_WARN_ABOUT_RETURN_TYPE = YES_ERROR;
				GCC_WARN_UNDECLARED_SELECTOR = YES;
				GCC_WARN_UNINITIALIZED_AUTOS = YES_AGGRESSIVE;
				GCC_WARN_UNUSED_FUNCTION = YES;
				GCC_WARN_UNUSED_VARIABLE = YES;
				IPHONEOS_DEPLOYMENT_TARGET = 15.4;
				MTL_ENABLE_DEBUG_INFO = NO;
				MTL_FAST_MATH = YES;
				SDKROOT = iphoneos;
				SWIFT_COMPILATION_MODE = wholemodule;
				SWIFT_OPTIMIZATION_LEVEL = "-O";
				VALIDATE_PRODUCT = YES;
			};
			name = Release;
		};
		6529E40427FC9D1C005897A5 /* Debug */ = {
			isa = XCBuildConfiguration;
			buildSettings = {
				ASSETCATALOG_COMPILER_APPICON_NAME = AppIcon;
				ASSETCATALOG_COMPILER_GLOBAL_ACCENT_COLOR_NAME = AccentColor;
				CODE_SIGN_STYLE = Automatic;
				CURRENT_PROJECT_VERSION = 1;
				DEVELOPMENT_TEAM = 6GK6PL55U2;
				GENERATE_INFOPLIST_FILE = YES;
				INFOPLIST_FILE = NeighBe/Info.plist;
				INFOPLIST_KEY_UIApplicationSupportsIndirectInputEvents = YES;
				INFOPLIST_KEY_UILaunchStoryboardName = LaunchScreen;
				INFOPLIST_KEY_UIMainStoryboardFile = LoginViewController;
				INFOPLIST_KEY_UISupportedInterfaceOrientations_iPad = "UIInterfaceOrientationPortrait UIInterfaceOrientationPortraitUpsideDown UIInterfaceOrientationLandscapeLeft UIInterfaceOrientationLandscapeRight";
				INFOPLIST_KEY_UISupportedInterfaceOrientations_iPhone = "UIInterfaceOrientationPortrait UIInterfaceOrientationLandscapeLeft UIInterfaceOrientationLandscapeRight";
				IPHONEOS_DEPLOYMENT_TARGET = 13.0;
				LD_RUNPATH_SEARCH_PATHS = (
					"$(inherited)",
					"@executable_path/Frameworks",
				);
				MARKETING_VERSION = 1.0;
				PRODUCT_BUNDLE_IDENTIFIER = openbible.sideproject.NeighBe;
				PRODUCT_NAME = "$(TARGET_NAME)";
				SWIFT_EMIT_LOC_STRINGS = YES;
				SWIFT_VERSION = 5.0;
				TARGETED_DEVICE_FAMILY = 1;
			};
			name = Debug;
		};
		6529E40527FC9D1C005897A5 /* Release */ = {
			isa = XCBuildConfiguration;
			buildSettings = {
				ASSETCATALOG_COMPILER_APPICON_NAME = AppIcon;
				ASSETCATALOG_COMPILER_GLOBAL_ACCENT_COLOR_NAME = AccentColor;
				CODE_SIGN_STYLE = Automatic;
				CURRENT_PROJECT_VERSION = 1;
				DEVELOPMENT_TEAM = 6GK6PL55U2;
				GENERATE_INFOPLIST_FILE = YES;
				INFOPLIST_FILE = NeighBe/Info.plist;
				INFOPLIST_KEY_UIApplicationSupportsIndirectInputEvents = YES;
				INFOPLIST_KEY_UILaunchStoryboardName = LaunchScreen;
				INFOPLIST_KEY_UIMainStoryboardFile = LoginViewController;
				INFOPLIST_KEY_UISupportedInterfaceOrientations_iPad = "UIInterfaceOrientationPortrait UIInterfaceOrientationPortraitUpsideDown UIInterfaceOrientationLandscapeLeft UIInterfaceOrientationLandscapeRight";
				INFOPLIST_KEY_UISupportedInterfaceOrientations_iPhone = "UIInterfaceOrientationPortrait UIInterfaceOrientationLandscapeLeft UIInterfaceOrientationLandscapeRight";
				IPHONEOS_DEPLOYMENT_TARGET = 13.0;
				LD_RUNPATH_SEARCH_PATHS = (
					"$(inherited)",
					"@executable_path/Frameworks",
				);
				MARKETING_VERSION = 1.0;
				PRODUCT_BUNDLE_IDENTIFIER = openbible.sideproject.NeighBe;
				PRODUCT_NAME = "$(TARGET_NAME)";
				SWIFT_EMIT_LOC_STRINGS = YES;
				SWIFT_VERSION = 5.0;
				TARGETED_DEVICE_FAMILY = 1;
			};
			name = Release;
		};
		6529E40727FC9D1C005897A5 /* Debug */ = {
			isa = XCBuildConfiguration;
			buildSettings = {
				ALWAYS_EMBED_SWIFT_STANDARD_LIBRARIES = YES;
				BUNDLE_LOADER = "$(TEST_HOST)";
				CODE_SIGN_STYLE = Automatic;
				CURRENT_PROJECT_VERSION = 1;
				DEVELOPMENT_TEAM = 6GK6PL55U2;
				GENERATE_INFOPLIST_FILE = YES;
				IPHONEOS_DEPLOYMENT_TARGET = 15.4;
				MARKETING_VERSION = 1.0;
				PRODUCT_BUNDLE_IDENTIFIER = openbible.sideproject.NeighBeTests;
				PRODUCT_NAME = "$(TARGET_NAME)";
				SWIFT_EMIT_LOC_STRINGS = NO;
				SWIFT_VERSION = 5.0;
				TARGETED_DEVICE_FAMILY = "1,2";
				TEST_HOST = "$(BUILT_PRODUCTS_DIR)/NeighBe.app/NeighBe";
			};
			name = Debug;
		};
		6529E40827FC9D1C005897A5 /* Release */ = {
			isa = XCBuildConfiguration;
			buildSettings = {
				ALWAYS_EMBED_SWIFT_STANDARD_LIBRARIES = YES;
				BUNDLE_LOADER = "$(TEST_HOST)";
				CODE_SIGN_STYLE = Automatic;
				CURRENT_PROJECT_VERSION = 1;
				DEVELOPMENT_TEAM = 6GK6PL55U2;
				GENERATE_INFOPLIST_FILE = YES;
				IPHONEOS_DEPLOYMENT_TARGET = 15.4;
				MARKETING_VERSION = 1.0;
				PRODUCT_BUNDLE_IDENTIFIER = openbible.sideproject.NeighBeTests;
				PRODUCT_NAME = "$(TARGET_NAME)";
				SWIFT_EMIT_LOC_STRINGS = NO;
				SWIFT_VERSION = 5.0;
				TARGETED_DEVICE_FAMILY = "1,2";
				TEST_HOST = "$(BUILT_PRODUCTS_DIR)/NeighBe.app/NeighBe";
			};
			name = Release;
		};
		6529E40A27FC9D1C005897A5 /* Debug */ = {
			isa = XCBuildConfiguration;
			buildSettings = {
				ALWAYS_EMBED_SWIFT_STANDARD_LIBRARIES = YES;
				CODE_SIGN_STYLE = Automatic;
				CURRENT_PROJECT_VERSION = 1;
				DEVELOPMENT_TEAM = 6GK6PL55U2;
				GENERATE_INFOPLIST_FILE = YES;
				MARKETING_VERSION = 1.0;
				PRODUCT_BUNDLE_IDENTIFIER = openbible.sideproject.NeighBeUITests;
				PRODUCT_NAME = "$(TARGET_NAME)";
				SWIFT_EMIT_LOC_STRINGS = NO;
				SWIFT_VERSION = 5.0;
				TARGETED_DEVICE_FAMILY = "1,2";
				TEST_TARGET_NAME = NeighBe;
			};
			name = Debug;
		};
		6529E40B27FC9D1C005897A5 /* Release */ = {
			isa = XCBuildConfiguration;
			buildSettings = {
				ALWAYS_EMBED_SWIFT_STANDARD_LIBRARIES = YES;
				CODE_SIGN_STYLE = Automatic;
				CURRENT_PROJECT_VERSION = 1;
				DEVELOPMENT_TEAM = 6GK6PL55U2;
				GENERATE_INFOPLIST_FILE = YES;
				MARKETING_VERSION = 1.0;
				PRODUCT_BUNDLE_IDENTIFIER = openbible.sideproject.NeighBeUITests;
				PRODUCT_NAME = "$(TARGET_NAME)";
				SWIFT_EMIT_LOC_STRINGS = NO;
				SWIFT_VERSION = 5.0;
				TARGETED_DEVICE_FAMILY = "1,2";
				TEST_TARGET_NAME = NeighBe;
			};
			name = Release;
		};
/* End XCBuildConfiguration section */

/* Begin XCConfigurationList section */
		6529E3D427FC9D1B005897A5 /* Build configuration list for PBXProject "NeighBe" */ = {
			isa = XCConfigurationList;
			buildConfigurations = (
				6529E40127FC9D1C005897A5 /* Debug */,
				6529E40227FC9D1C005897A5 /* Release */,
			);
			defaultConfigurationIsVisible = 0;
			defaultConfigurationName = Release;
		};
		6529E40327FC9D1C005897A5 /* Build configuration list for PBXNativeTarget "NeighBe" */ = {
			isa = XCConfigurationList;
			buildConfigurations = (
				6529E40427FC9D1C005897A5 /* Debug */,
				6529E40527FC9D1C005897A5 /* Release */,
			);
			defaultConfigurationIsVisible = 0;
			defaultConfigurationName = Release;
		};
		6529E40627FC9D1C005897A5 /* Build configuration list for PBXNativeTarget "NeighBeTests" */ = {
			isa = XCConfigurationList;
			buildConfigurations = (
				6529E40727FC9D1C005897A5 /* Debug */,
				6529E40827FC9D1C005897A5 /* Release */,
			);
			defaultConfigurationIsVisible = 0;
			defaultConfigurationName = Release;
		};
		6529E40927FC9D1C005897A5 /* Build configuration list for PBXNativeTarget "NeighBeUITests" */ = {
			isa = XCConfigurationList;
			buildConfigurations = (
				6529E40A27FC9D1C005897A5 /* Debug */,
				6529E40B27FC9D1C005897A5 /* Release */,
			);
			defaultConfigurationIsVisible = 0;
			defaultConfigurationName = Release;
		};
/* End XCConfigurationList section */

/* Begin XCRemoteSwiftPackageReference section */
		6529E42328032909005897A5 /* XCRemoteSwiftPackageReference "firebase-ios-sdk" */ = {
			isa = XCRemoteSwiftPackageReference;
			repositoryURL = "https://github.com/firebase/firebase-ios-sdk";
			requirement = {
				kind = upToNextMajorVersion;
				minimumVersion = 8.0.0;
			};
		};
		6529E42628032EE0005897A5 /* XCRemoteSwiftPackageReference "firebase-ios-sdk" */ = {
			isa = XCRemoteSwiftPackageReference;
			repositoryURL = "https://github.com/firebase/firebase-ios-sdk";
			requirement = {
				kind = upToNextMajorVersion;
				minimumVersion = 8.0.0;
			};
		};
		65CFD14A2818408400A51B89 /* XCRemoteSwiftPackageReference "firebase-ios-sdk" */ = {
			isa = XCRemoteSwiftPackageReference;
			repositoryURL = "https://github.com/firebase/firebase-ios-sdk";
			requirement = {
				kind = upToNextMajorVersion;
				minimumVersion = 8.0.0;
			};
		};
/* End XCRemoteSwiftPackageReference section */

/* Begin XCSwiftPackageProductDependency section */
		6529E42428032909005897A5 /* FirebaseAnalytics */ = {
			isa = XCSwiftPackageProductDependency;
			package = 6529E42328032909005897A5 /* XCRemoteSwiftPackageReference "firebase-ios-sdk" */;
			productName = FirebaseAnalytics;
		};
		6529E42728032EE0005897A5 /* FirebaseDatabase */ = {
			isa = XCSwiftPackageProductDependency;
			package = 6529E42328032909005897A5 /* XCRemoteSwiftPackageReference "firebase-ios-sdk" */;
			productName = FirebaseDatabase;
		};
		65CFD14B2818408400A51B89 /* FirebaseAuth */ = {
			isa = XCSwiftPackageProductDependency;
			package = 6529E42328032909005897A5 /* XCRemoteSwiftPackageReference "firebase-ios-sdk" */;
			productName = FirebaseAuth;
		};
/* End XCSwiftPackageProductDependency section */
	};
	rootObject = 6529E3D127FC9D1B005897A5 /* Project object */;
}
